<?xml version="1.0" encoding="utf-8"?>
<Project ToolsVersion="4.0" xmlns="http://schemas.microsoft.com/developer/msbuild/2003">
  <ItemGroup>
    <Filter Include="Source Files">
      <UniqueIdentifier>{4FC737F1-C7A5-4376-A066-2A32D752A2FF}</UniqueIdentifier>
      <Extensions>cpp;c;cc;cxx;c++;cppm;ixx;def;odl;idl;hpj;bat;asm;asmx</Extensions>
    </Filter>
    <Filter Include="Header Files">
      <UniqueIdentifier>{93995380-89BD-4b04-88EB-625FBE52EBFB}</UniqueIdentifier>
      <Extensions>h;hh;hpp;hxx;h++;hm;inl;inc;ipp;xsd</Extensions>
    </Filter>
    <Filter Include="Resource Files">
      <UniqueIdentifier>{67DA6AB6-F800-4c08-8B7A-83BB121AAD01}</UniqueIdentifier>
      <Extensions>rc;ico;cur;bmp;dlg;rc2;rct;bin;rgs;gif;jpg;jpeg;jpe;resx;tiff;tif;png;wav;mfcribbon-ms</Extensions>
    </Filter>
    <Filter Include="Header Files\Player">
      <UniqueIdentifier>{1e49db7a-119a-4128-b805-7762b8d8ef34}</UniqueIdentifier>
    </Filter>
    <Filter Include="Header Files\UI">
      <UniqueIdentifier>{c1801b66-3040-46c8-ace7-4b08fc29c0e5}</UniqueIdentifier>
    </Filter>
    <Filter Include="Header Files\Misc">
      <UniqueIdentifier>{f65d3c9c-0e84-4c9e-a1f3-740c728849eb}</UniqueIdentifier>
    </Filter>
    <Filter Include="Header Files\Menu">
      <UniqueIdentifier>{fae8f4f9-8601-4c7b-bf25-f511e8ea4490}</UniqueIdentifier>
    </Filter>
    <Filter Include="Header Files\Board">
      <UniqueIdentifier>{2954f553-f9a1-4454-80cf-ad55042733f2}</UniqueIdentifier>
    </Filter>
    <Filter Include="Header Files\Piece">
      <UniqueIdentifier>{c3c2d254-6cdc-432b-8e22-b81bbe6fb0b9}</UniqueIdentifier>
    </Filter>
    <Filter Include="Header Files\Data">
      <UniqueIdentifier>{7bb2e391-b386-4743-b584-0b5e0f7d8f04}</UniqueIdentifier>
    </Filter>
  </ItemGroup>
  <ItemGroup>
    <ClCompile Include="Chess.cpp">
      <Filter>Source Files</Filter>
    </ClCompile>
  </ItemGroup>
  <ItemGroup>
    <ClInclude Include="score.h">
      <Filter>Header Files\Player</Filter>
    </ClInclude>
    <ClInclude Include="name.h">
      <Filter>Header Files\Player</Filter>
    </ClInclude>
    <ClInclude Include="player.h">
      <Filter>Header Files\Player</Filter>
    </ClInclude>
    <ClInclude Include="color.h">
      <Filter>Header Files\UI</Filter>
    </ClInclude>
    <ClInclude Include="style.h">
      <Filter>Header Files\UI</Filter>
    </ClInclude>
    <ClInclude Include="text.h">
      <Filter>Header Files\UI</Filter>
    </ClInclude>
    <ClInclude Include="message.h">
      <Filter>Header Files\UI</Filter>
    </ClInclude>
    <ClInclude Include="position.h">
      <Filter>Header Files\Misc</Filter>
    </ClInclude>
    <ClInclude Include="symbol.h">
      <Filter>Header Files\Misc</Filter>
    </ClInclude>
    <ClInclude Include="symbols.h">
      <Filter>Header Files\Misc</Filter>
    </ClInclude>
    <ClInclude Include="misc.h">
      <Filter>Header Files\Menu</Filter>
    </ClInclude>
    <ClInclude Include="menu.h">
      <Filter>Header Files\Menu</Filter>
    </ClInclude>
    <ClInclude Include="functions.h">
      <Filter>Header Files\Misc</Filter>
    </ClInclude>
    <ClInclude Include="cell.h">
      <Filter>Header Files\Board</Filter>
    </ClInclude>
    <ClInclude Include="piece.h">
      <Filter>Header Files\Piece</Filter>
    </ClInclude>
    <ClInclude Include="datatable.h">
      <Filter>Header Files\Data</Filter>
    </ClInclude>
    <ClInclude Include="enums.h">
      <Filter>Header Files\Piece</Filter>
    </ClInclude>
    <ClInclude Include="handler.h">
      <Filter>Header Files\Piece</Filter>
    </ClInclude>
  </ItemGroup>
</Project>